
Microsoft Visual Studio Solution File, Format Version 12.00
# Visual Studio 2012
Project("{FAE04EC0-301F-11D3-BF4B-00C04F79EFBC}") = "OCC_New_Approach", "OCC_New_Approach.csproj", "{1D6433FC-0AA5-4F4A-ACF7-BF4275E09895}"
EndProject
Global
	GlobalSection(SolutionConfigurationPlatforms) = preSolution
		Debug|Any CPU = Debug|Any CPU
		Release|Any CPU = Release|Any CPU
	EndGlobalSection
	GlobalSection(ProjectConfigurationPlatforms) = postSolution
		{1D6433FC-0AA5-4F4A-ACF7-BF4275E09895}.Debug|Any CPU.ActiveCfg = Debug|Any CPU
		{1D6433FC-0AA5-4F4A-ACF7-BF4275E09895}.Debug|Any CPU.Build.0 = Debug|Any CPU
		{1D6433FC-0AA5-4F4A-ACF7-BF4275E09895}.Release|Any CPU.ActiveCfg = Release|Any CPU
		{1D6433FC-0AA5-4F4A-ACF7-BF4275E09895}.Release|Any CPU.Build.0 = Release|Any CPU
	EndGlobalSection
	GlobalSection(SolutionProperties) = preSolution
		HideSolutionNode = FALSE
	EndGlobalSection
EndGlobal
